
Microsoft Visual Studio Solution File, Format Version 12.00
# Visual Studio Version 17
VisualStudioVersion = 17.1.32421.90
MinimumVisualStudioVersion = 10.0.40219.1
Project("{9A19103F-16F7-4668-BE54-9A1E7A4F7556}") = "Exercise01", "Exercise01\Exercise01.csproj", "{EFEFDAA1-AAF4-42A6-B1D1-097968CC0F29}"
EndProject
Project("{9A19103F-16F7-4668-BE54-9A1E7A4F7556}") = "Exercise02", "Exercise02\Exercise02.csproj", "{13B4E252-5E81-439C-A754-68AA737BE64E}"
EndProject
Project("{9A19103F-16F7-4668-BE54-9A1E7A4F7556}") = "Exercise03", "Exercise03\Exercise03.csproj", "{02DCF46A-AAAD-4496-8DF4-3AAB8EECE66F}"
EndProject
Project("{9A19103F-16F7-4668-BE54-9A1E7A4F7556}") = "Exercise04", "Exercise04\Exercise04.csproj", "{8BDD0F46-A7EA-459A-9998-C771BA913F08}"
EndProject
Project("{FAE04EC0-301F-11D3-BF4B-00C04F79EFBC}") = "Exercise05", "Exercise05\Exercise05.csproj", "{390F818A-F7EF-41F4-9AF9-87A9958C12E3}"
EndProject
Project("{FAE04EC0-301F-11D3-BF4B-00C04F79EFBC}") = "Exercise06", "Exercise06\Exercise06.csproj", "{BE50FB46-6C3B-4D19-98EB-FC3A62477FC1}"
EndProject
Project("{FAE04EC0-301F-11D3-BF4B-00C04F79EFBC}") = "Exercise07", "Exercise07\Exercise07.csproj", "{85590FF5-DE9F-4260-86CC-7EE321A3EB8B}"
EndProject
Global
	GlobalSection(SolutionConfigurationPlatforms) = preSolution
		Debug|Any CPU = Debug|Any CPU
		Release|Any CPU = Release|Any CPU
	EndGlobalSection
	GlobalSection(ProjectConfigurationPlatforms) = postSolution
		{EFEFDAA1-AAF4-42A6-B1D1-097968CC0F29}.Debug|Any CPU.ActiveCfg = Debug|Any CPU
		{EFEFDAA1-AAF4-42A6-B1D1-097968CC0F29}.Debug|Any CPU.Build.0 = Debug|Any CPU
		{EFEFDAA1-AAF4-42A6-B1D1-097968CC0F29}.Release|Any CPU.ActiveCfg = Release|Any CPU
		{EFEFDAA1-AAF4-42A6-B1D1-097968CC0F29}.Release|Any CPU.Build.0 = Release|Any CPU
		{13B4E252-5E81-439C-A754-68AA737BE64E}.Debug|Any CPU.ActiveCfg = Debug|Any CPU
		{13B4E252-5E81-439C-A754-68AA737BE64E}.Debug|Any CPU.Build.0 = Debug|Any CPU
		{13B4E252-5E81-439C-A754-68AA737BE64E}.Release|Any CPU.ActiveCfg = Release|Any CPU
		{13B4E252-5E81-439C-A754-68AA737BE64E}.Release|Any CPU.Build.0 = Release|Any CPU
		{02DCF46A-AAAD-4496-8DF4-3AAB8EECE66F}.Debug|Any CPU.ActiveCfg = Debug|Any CPU
		{02DCF46A-AAAD-4496-8DF4-3AAB8EECE66F}.Debug|Any CPU.Build.0 = Debug|Any CPU
		{02DCF46A-AAAD-4496-8DF4-3AAB8EECE66F}.Release|Any CPU.ActiveCfg = Release|Any CPU
		{02DCF46A-AAAD-4496-8DF4-3AAB8EECE66F}.Release|Any CPU.Build.0 = Release|Any CPU
		{8BDD0F46-A7EA-459A-9998-C771BA913F08}.Debug|Any CPU.ActiveCfg = Debug|Any CPU
		{8BDD0F46-A7EA-459A-9998-C771BA913F08}.Debug|Any CPU.Build.0 = Debug|Any CPU
		{8BDD0F46-A7EA-459A-9998-C771BA913F08}.Release|Any CPU.ActiveCfg = Release|Any CPU
		{8BDD0F46-A7EA-459A-9998-C771BA913F08}.Release|Any CPU.Build.0 = Release|Any CPU
		{390F818A-F7EF-41F4-9AF9-87A9958C12E3}.Debug|Any CPU.ActiveCfg = Debug|Any CPU
		{390F818A-F7EF-41F4-9AF9-87A9958C12E3}.Debug|Any CPU.Build.0 = Debug|Any CPU
		{390F818A-F7EF-41F4-9AF9-87A9958C12E3}.Release|Any CPU.ActiveCfg = Release|Any CPU
		{390F818A-F7EF-41F4-9AF9-87A9958C12E3}.Release|Any CPU.Build.0 = Release|Any CPU
		{BE50FB46-6C3B-4D19-98EB-FC3A62477FC1}.Debug|Any CPU.ActiveCfg = Debug|Any CPU
		{BE50FB46-6C3B-4D19-98EB-FC3A62477FC1}.Debug|Any CPU.Build.0 = Debug|Any CPU
		{BE50FB46-6C3B-4D19-98EB-FC3A62477FC1}.Release|Any CPU.ActiveCfg = Release|Any CPU
		{BE50FB46-6C3B-4D19-98EB-FC3A62477FC1}.Release|Any CPU.Build.0 = Release|Any CPU
		{85590FF5-DE9F-4260-86CC-7EE321A3EB8B}.Debug|Any CPU.ActiveCfg = Debug|Any CPU
		{85590FF5-DE9F-4260-86CC-7EE321A3EB8B}.Debug|Any CPU.Build.0 = Debug|Any CPU
		{85590FF5-DE9F-4260-86CC-7EE321A3EB8B}.Release|Any CPU.ActiveCfg = Release|Any CPU
		{85590FF5-DE9F-4260-86CC-7EE321A3EB8B}.Release|Any CPU.Build.0 = Release|Any CPU
	EndGlobalSection
	GlobalSection(SolutionProperties) = preSolution
		HideSolutionNode = FALSE
	EndGlobalSection
	GlobalSection(ExtensibilityGlobals) = postSolution
		SolutionGuid = {6D44BD11-46E0-4C21-8E7A-BB2FCAD51FB4}
	EndGlobalSection
EndGlobal
