
Microsoft Visual Studio Solution File, Format Version 12.00
# Visual Studio Version 17
VisualStudioVersion = 17.1.32421.90
MinimumVisualStudioVersion = 10.0.40219.1
Project("{FAE04EC0-301F-11D3-BF4B-00C04F79EFBC}") = "ReverseNames", "ReverseNames\ReverseNames.csproj", "{6B7DF8C0-BBD6-4F56-B273-A8E2C367D705}"
EndProject
Global
	GlobalSection(SolutionConfigurationPlatforms) = preSolution
		Debug|Any CPU = Debug|Any CPU
		Release|Any CPU = Release|Any CPU
	EndGlobalSection
	GlobalSection(ProjectConfigurationPlatforms) = postSolution
		{6B7DF8C0-BBD6-4F56-B273-A8E2C367D705}.Debug|Any CPU.ActiveCfg = Debug|Any CPU
		{6B7DF8C0-BBD6-4F56-B273-A8E2C367D705}.Debug|Any CPU.Build.0 = Debug|Any CPU
		{6B7DF8C0-BBD6-4F56-B273-A8E2C367D705}.Release|Any CPU.ActiveCfg = Release|Any CPU
		{6B7DF8C0-BBD6-4F56-B273-A8E2C367D705}.Release|Any CPU.Build.0 = Release|Any CPU
	EndGlobalSection
	GlobalSection(SolutionProperties) = preSolution
		HideSolutionNode = FALSE
	EndGlobalSection
	GlobalSection(ExtensibilityGlobals) = postSolution
		SolutionGuid = {7B24BEF7-8215-4134-A218-9092234E47C6}
	EndGlobalSection
EndGlobal
