
Microsoft Visual Studio Solution File, Format Version 12.00
# Visual Studio Version 17
VisualStudioVersion = 17.1.32421.90
MinimumVisualStudioVersion = 10.0.40219.1
Project("{9A19103F-16F7-4668-BE54-9A1E7A4F7556}") = "ClassesObjects", "ClassesObjects\ClassesObjects.csproj", "{7A989EC4-9DD1-4767-80F4-4B94AE605A6C}"
EndProject
Project("{9A19103F-16F7-4668-BE54-9A1E7A4F7556}") = "MethodsOfClasses", "MethodsOfClasses\MethodsOfClasses.csproj", "{18431752-5276-48A2-A379-2AAB76CD5DD7}"
EndProject
Project("{9A19103F-16F7-4668-BE54-9A1E7A4F7556}") = "TermThis", "TermThis\TermThis.csproj", "{59662B81-8B43-4D08-AB08-E84C28F661D8}"
EndProject
Project("{9A19103F-16F7-4668-BE54-9A1E7A4F7556}") = "DelegateType", "DelegateType\DelegateType.csproj", "{2A429106-0232-46BC-A389-33DF53397970}"
EndProject
Project("{9A19103F-16F7-4668-BE54-9A1E7A4F7556}") = "ConstructorMethod", "ConstructorMethod\ConstructorMethod.csproj", "{C2A53CB3-B9DA-4B73-BA1E-9D52D32A5248}"
EndProject
Project("{9A19103F-16F7-4668-BE54-9A1E7A4F7556}") = "Statics", "Statics\Statics.csproj", "{D8583619-5384-49F4-9454-572E911BBC6F}"
EndProject
Project("{9A19103F-16F7-4668-BE54-9A1E7A4F7556}") = "Properties", "Properties\Properties.csproj", "{BB937EDF-29F8-4AAF-AD2B-9ED546DC2E3F}"
EndProject
Project("{9A19103F-16F7-4668-BE54-9A1E7A4F7556}") = "Encapsulate", "Encapsulate\Encapsulate.csproj", "{99B74DC8-AA22-46C0-B67C-AF9C2C64DBF9}"
EndProject
Project("{9A19103F-16F7-4668-BE54-9A1E7A4F7556}") = "Inheritance", "Inheritance\Inheritance.csproj", "{36E68A40-7104-42DD-9610-8D589EB4A322}"
EndProject
Project("{9A19103F-16F7-4668-BE54-9A1E7A4F7556}") = "Modifiers", "Modifiers\Modifiers.csproj", "{1ADCCC77-EBCE-44E6-B154-6DD3EA72B404}"
EndProject
Project("{FAE04EC0-301F-11D3-BF4B-00C04F79EFBC}") = "Polymorphism", "Polymorphism\Polymorphism.csproj", "{2B484CD2-EB28-4AC3-836A-7C4479605F0F}"
EndProject
Global
	GlobalSection(SolutionConfigurationPlatforms) = preSolution
		Debug|Any CPU = Debug|Any CPU
		Release|Any CPU = Release|Any CPU
	EndGlobalSection
	GlobalSection(ProjectConfigurationPlatforms) = postSolution
		{7A989EC4-9DD1-4767-80F4-4B94AE605A6C}.Debug|Any CPU.ActiveCfg = Debug|Any CPU
		{7A989EC4-9DD1-4767-80F4-4B94AE605A6C}.Debug|Any CPU.Build.0 = Debug|Any CPU
		{7A989EC4-9DD1-4767-80F4-4B94AE605A6C}.Release|Any CPU.ActiveCfg = Release|Any CPU
		{7A989EC4-9DD1-4767-80F4-4B94AE605A6C}.Release|Any CPU.Build.0 = Release|Any CPU
		{18431752-5276-48A2-A379-2AAB76CD5DD7}.Debug|Any CPU.ActiveCfg = Debug|Any CPU
		{18431752-5276-48A2-A379-2AAB76CD5DD7}.Debug|Any CPU.Build.0 = Debug|Any CPU
		{18431752-5276-48A2-A379-2AAB76CD5DD7}.Release|Any CPU.ActiveCfg = Release|Any CPU
		{18431752-5276-48A2-A379-2AAB76CD5DD7}.Release|Any CPU.Build.0 = Release|Any CPU
		{59662B81-8B43-4D08-AB08-E84C28F661D8}.Debug|Any CPU.ActiveCfg = Debug|Any CPU
		{59662B81-8B43-4D08-AB08-E84C28F661D8}.Debug|Any CPU.Build.0 = Debug|Any CPU
		{59662B81-8B43-4D08-AB08-E84C28F661D8}.Release|Any CPU.ActiveCfg = Release|Any CPU
		{59662B81-8B43-4D08-AB08-E84C28F661D8}.Release|Any CPU.Build.0 = Release|Any CPU
		{2A429106-0232-46BC-A389-33DF53397970}.Debug|Any CPU.ActiveCfg = Debug|Any CPU
		{2A429106-0232-46BC-A389-33DF53397970}.Debug|Any CPU.Build.0 = Debug|Any CPU
		{2A429106-0232-46BC-A389-33DF53397970}.Release|Any CPU.ActiveCfg = Release|Any CPU
		{2A429106-0232-46BC-A389-33DF53397970}.Release|Any CPU.Build.0 = Release|Any CPU
		{C2A53CB3-B9DA-4B73-BA1E-9D52D32A5248}.Debug|Any CPU.ActiveCfg = Debug|Any CPU
		{C2A53CB3-B9DA-4B73-BA1E-9D52D32A5248}.Debug|Any CPU.Build.0 = Debug|Any CPU
		{C2A53CB3-B9DA-4B73-BA1E-9D52D32A5248}.Release|Any CPU.ActiveCfg = Release|Any CPU
		{C2A53CB3-B9DA-4B73-BA1E-9D52D32A5248}.Release|Any CPU.Build.0 = Release|Any CPU
		{D8583619-5384-49F4-9454-572E911BBC6F}.Debug|Any CPU.ActiveCfg = Debug|Any CPU
		{D8583619-5384-49F4-9454-572E911BBC6F}.Debug|Any CPU.Build.0 = Debug|Any CPU
		{D8583619-5384-49F4-9454-572E911BBC6F}.Release|Any CPU.ActiveCfg = Release|Any CPU
		{D8583619-5384-49F4-9454-572E911BBC6F}.Release|Any CPU.Build.0 = Release|Any CPU
		{BB937EDF-29F8-4AAF-AD2B-9ED546DC2E3F}.Debug|Any CPU.ActiveCfg = Debug|Any CPU
		{BB937EDF-29F8-4AAF-AD2B-9ED546DC2E3F}.Debug|Any CPU.Build.0 = Debug|Any CPU
		{BB937EDF-29F8-4AAF-AD2B-9ED546DC2E3F}.Release|Any CPU.ActiveCfg = Release|Any CPU
		{BB937EDF-29F8-4AAF-AD2B-9ED546DC2E3F}.Release|Any CPU.Build.0 = Release|Any CPU
		{99B74DC8-AA22-46C0-B67C-AF9C2C64DBF9}.Debug|Any CPU.ActiveCfg = Debug|Any CPU
		{99B74DC8-AA22-46C0-B67C-AF9C2C64DBF9}.Debug|Any CPU.Build.0 = Debug|Any CPU
		{99B74DC8-AA22-46C0-B67C-AF9C2C64DBF9}.Release|Any CPU.ActiveCfg = Release|Any CPU
		{99B74DC8-AA22-46C0-B67C-AF9C2C64DBF9}.Release|Any CPU.Build.0 = Release|Any CPU
		{36E68A40-7104-42DD-9610-8D589EB4A322}.Debug|Any CPU.ActiveCfg = Debug|Any CPU
		{36E68A40-7104-42DD-9610-8D589EB4A322}.Debug|Any CPU.Build.0 = Debug|Any CPU
		{36E68A40-7104-42DD-9610-8D589EB4A322}.Release|Any CPU.ActiveCfg = Release|Any CPU
		{36E68A40-7104-42DD-9610-8D589EB4A322}.Release|Any CPU.Build.0 = Release|Any CPU
		{1ADCCC77-EBCE-44E6-B154-6DD3EA72B404}.Debug|Any CPU.ActiveCfg = Debug|Any CPU
		{1ADCCC77-EBCE-44E6-B154-6DD3EA72B404}.Debug|Any CPU.Build.0 = Debug|Any CPU
		{1ADCCC77-EBCE-44E6-B154-6DD3EA72B404}.Release|Any CPU.ActiveCfg = Release|Any CPU
		{1ADCCC77-EBCE-44E6-B154-6DD3EA72B404}.Release|Any CPU.Build.0 = Release|Any CPU
		{2B484CD2-EB28-4AC3-836A-7C4479605F0F}.Debug|Any CPU.ActiveCfg = Debug|Any CPU
		{2B484CD2-EB28-4AC3-836A-7C4479605F0F}.Debug|Any CPU.Build.0 = Debug|Any CPU
		{2B484CD2-EB28-4AC3-836A-7C4479605F0F}.Release|Any CPU.ActiveCfg = Release|Any CPU
		{2B484CD2-EB28-4AC3-836A-7C4479605F0F}.Release|Any CPU.Build.0 = Release|Any CPU
	EndGlobalSection
	GlobalSection(SolutionProperties) = preSolution
		HideSolutionNode = FALSE
	EndGlobalSection
	GlobalSection(ExtensibilityGlobals) = postSolution
		SolutionGuid = {AE58C858-0C8A-4C0B-B241-C926D1493160}
	EndGlobalSection
EndGlobal
