
Microsoft Visual Studio Solution File, Format Version 12.00
# Visual Studio Version 17
VisualStudioVersion = 17.1.32421.90
MinimumVisualStudioVersion = 10.0.40219.1
Project("{FAE04EC0-301F-11D3-BF4B-00C04F79EFBC}") = "FixingExercise", "FixingExercise\FixingExercise.csproj", "{D29E7291-C379-463B-8F2B-4BC0DFF4085A}"
EndProject
Global
	GlobalSection(SolutionConfigurationPlatforms) = preSolution
		Debug|Any CPU = Debug|Any CPU
		Release|Any CPU = Release|Any CPU
	EndGlobalSection
	GlobalSection(ProjectConfigurationPlatforms) = postSolution
		{D29E7291-C379-463B-8F2B-4BC0DFF4085A}.Debug|Any CPU.ActiveCfg = Debug|Any CPU
		{D29E7291-C379-463B-8F2B-4BC0DFF4085A}.Debug|Any CPU.Build.0 = Debug|Any CPU
		{D29E7291-C379-463B-8F2B-4BC0DFF4085A}.Release|Any CPU.ActiveCfg = Release|Any CPU
		{D29E7291-C379-463B-8F2B-4BC0DFF4085A}.Release|Any CPU.Build.0 = Release|Any CPU
	EndGlobalSection
	GlobalSection(SolutionProperties) = preSolution
		HideSolutionNode = FALSE
	EndGlobalSection
	GlobalSection(ExtensibilityGlobals) = postSolution
		SolutionGuid = {4B73C903-F154-4827-A168-A93E628FF774}
	EndGlobalSection
EndGlobal
